// !$*UTF8*$!
{
	archiveVersion = 1;
	classes = {
	};
	objectVersion = 52;
	objects = {

/* Begin PBXBuildFile section */
		4D2254CF7A5E7F8CCB0B52BB /* Pods_flixsterTests.framework in Frameworks */ = {isa = PBXBuildFile; fileRef = 897BD9D0C213039DFC2EB5BF /* Pods_flixsterTests.framework */; };
		59FA073626ED492E0045A627 /* AppDelegate.swift in Sources */ = {isa = PBXBuildFile; fileRef = 59FA073526ED492E0045A627 /* AppDelegate.swift */; };
		59FA073826ED492E0045A627 /* SceneDelegate.swift in Sources */ = {isa = PBXBuildFile; fileRef = 59FA073726ED492E0045A627 /* SceneDelegate.swift */; };
		59FA073D26ED492E0045A627 /* Main.storyboard in Resources */ = {isa = PBXBuildFile; fileRef = 59FA073B26ED492E0045A627 /* Main.storyboard */; };
		59FA073F26ED492E0045A627 /* Assets.xcassets in Resources */ = {isa = PBXBuildFile; fileRef = 59FA073E26ED492E0045A627 /* Assets.xcassets */; };
		59FA074226ED492E0045A627 /* LaunchScreen.storyboard in Resources */ = {isa = PBXBuildFile; fileRef = 59FA074026ED492E0045A627 /* LaunchScreen.storyboard */; };
		59FA074D26ED492F0045A627 /* flixsterTests.swift in Sources */ = {isa = PBXBuildFile; fileRef = 59FA074C26ED492F0045A627 /* flixsterTests.swift */; };
		59FA075826ED492F0045A627 /* flixsterUITests.swift in Sources */ = {isa = PBXBuildFile; fileRef = 59FA075726ED492F0045A627 /* flixsterUITests.swift */; };
		59FA076626ED49A80045A627 /* MoviesViewController.swift in Sources */ = {isa = PBXBuildFile; fileRef = 59FA076526ED49A80045A627 /* MoviesViewController.swift */; };
		59FA076826ED4F810045A627 /* MovieCell.swift in Sources */ = {isa = PBXBuildFile; fileRef = 59FA076726ED4F810045A627 /* MovieCell.swift */; };
		59FA076B26ED561D0045A627 /* AlamofireImage in Frameworks */ = {isa = PBXBuildFile; productRef = 59FA076A26ED561D0045A627 /* AlamofireImage */; };
		5EC5EF53F49798B6538C2AE8 /* Pods_flixster.framework in Frameworks */ = {isa = PBXBuildFile; fileRef = DBBA78E782BC47EF538B82E0 /* Pods_flixster.framework */; };
		870001B9FE75600D92B39A23 /* Pods_flixster_flixsterUITests.framework in Frameworks */ = {isa = PBXBuildFile; fileRef = 6B664650D1D5C5F51EDCBD27 /* Pods_flixster_flixsterUITests.framework */; };
/* End PBXBuildFile section */

/* Begin PBXContainerItemProxy section */
		59FA074926ED492F0045A627 /* PBXContainerItemProxy */ = {
			isa = PBXContainerItemProxy;
			containerPortal = 59FA072A26ED492E0045A627 /* Project object */;
			proxyType = 1;
			remoteGlobalIDString = 59FA073126ED492E0045A627;
			remoteInfo = flixster;
		};
		59FA075426ED492F0045A627 /* PBXContainerItemProxy */ = {
			isa = PBXContainerItemProxy;
			containerPortal = 59FA072A26ED492E0045A627 /* Project object */;
			proxyType = 1;
			remoteGlobalIDString = 59FA073126ED492E0045A627;
			remoteInfo = flixster;
		};
/* End PBXContainerItemProxy section */

/* Begin PBXFileReference section */
		1BCBFC02F8ADD34497F23509 /* Pods-flixster.debug.xcconfig */ = {isa = PBXFileReference; includeInIndex = 1; lastKnownFileType = text.xcconfig; name = "Pods-flixster.debug.xcconfig"; path = "Target Support Files/Pods-flixster/Pods-flixster.debug.xcconfig"; sourceTree = "<group>"; };
		3766EEDA61A310F042920CAE /* Pods-flixsterTests.release.xcconfig */ = {isa = PBXFileReference; includeInIndex = 1; lastKnownFileType = text.xcconfig; name = "Pods-flixsterTests.release.xcconfig"; path = "Target Support Files/Pods-flixsterTests/Pods-flixsterTests.release.xcconfig"; sourceTree = "<group>"; };
		3EC936484033A839166D2AAB /* Pods-flixsterTests.debug.xcconfig */ = {isa = PBXFileReference; includeInIndex = 1; lastKnownFileType = text.xcconfig; name = "Pods-flixsterTests.debug.xcconfig"; path = "Target Support Files/Pods-flixsterTests/Pods-flixsterTests.debug.xcconfig"; sourceTree = "<group>"; };
		59FA073226ED492E0045A627 /* flixster.app */ = {isa = PBXFileReference; explicitFileType = wrapper.application; includeInIndex = 0; path = flixster.app; sourceTree = BUILT_PRODUCTS_DIR; };
		59FA073526ED492E0045A627 /* AppDelegate.swift */ = {isa = PBXFileReference; lastKnownFileType = sourcecode.swift; path = AppDelegate.swift; sourceTree = "<group>"; };
		59FA073726ED492E0045A627 /* SceneDelegate.swift */ = {isa = PBXFileReference; lastKnownFileType = sourcecode.swift; path = SceneDelegate.swift; sourceTree = "<group>"; };
		59FA073C26ED492E0045A627 /* Base */ = {isa = PBXFileReference; lastKnownFileType = file.storyboard; name = Base; path = Base.lproj/Main.storyboard; sourceTree = "<group>"; };
		59FA073E26ED492E0045A627 /* Assets.xcassets */ = {isa = PBXFileReference; lastKnownFileType = folder.assetcatalog; path = Assets.xcassets; sourceTree = "<group>"; };
		59FA074126ED492E0045A627 /* Base */ = {isa = PBXFileReference; lastKnownFileType = file.storyboard; name = Base; path = Base.lproj/LaunchScreen.storyboard; sourceTree = "<group>"; };
		59FA074326ED492E0045A627 /* Info.plist */ = {isa = PBXFileReference; lastKnownFileType = text.plist.xml; path = Info.plist; sourceTree = "<group>"; };
		59FA074826ED492F0045A627 /* flixsterTests.xctest */ = {isa = PBXFileReference; explicitFileType = wrapper.cfbundle; includeInIndex = 0; path = flixsterTests.xctest; sourceTree = BUILT_PRODUCTS_DIR; };
		59FA074C26ED492F0045A627 /* flixsterTests.swift */ = {isa = PBXFileReference; lastKnownFileType = sourcecode.swift; path = flixsterTests.swift; sourceTree = "<group>"; };
		59FA074E26ED492F0045A627 /* Info.plist */ = {isa = PBXFileReference; lastKnownFileType = text.plist.xml; path = Info.plist; sourceTree = "<group>"; };
		59FA075326ED492F0045A627 /* flixsterUITests.xctest */ = {isa = PBXFileReference; explicitFileType = wrapper.cfbundle; includeInIndex = 0; path = flixsterUITests.xctest; sourceTree = BUILT_PRODUCTS_DIR; };
		59FA075726ED492F0045A627 /* flixsterUITests.swift */ = {isa = PBXFileReference; lastKnownFileType = sourcecode.swift; path = flixsterUITests.swift; sourceTree = "<group>"; };
		59FA075926ED492F0045A627 /* Info.plist */ = {isa = PBXFileReference; lastKnownFileType = text.plist.xml; path = Info.plist; sourceTree = "<group>"; };
		59FA076526ED49A80045A627 /* MoviesViewController.swift */ = {isa = PBXFileReference; lastKnownFileType = sourcecode.swift; path = MoviesViewController.swift; sourceTree = "<group>"; };
		59FA076726ED4F810045A627 /* MovieCell.swift */ = {isa = PBXFileReference; lastKnownFileType = sourcecode.swift; path = MovieCell.swift; sourceTree = "<group>"; };
		60D42CED9900FFB842CD7E17 /* Pods-flixster.release.xcconfig */ = {isa = PBXFileReference; includeInIndex = 1; lastKnownFileType = text.xcconfig; name = "Pods-flixster.release.xcconfig"; path = "Target Support Files/Pods-flixster/Pods-flixster.release.xcconfig"; sourceTree = "<group>"; };
		673F7F83588E93EBB3215E8A /* Pods-flixster-flixsterUITests.release.xcconfig */ = {isa = PBXFileReference; includeInIndex = 1; lastKnownFileType = text.xcconfig; name = "Pods-flixster-flixsterUITests.release.xcconfig"; path = "Target Support Files/Pods-flixster-flixsterUITests/Pods-flixster-flixsterUITests.release.xcconfig"; sourceTree = "<group>"; };
		6B664650D1D5C5F51EDCBD27 /* Pods_flixster_flixsterUITests.framework */ = {isa = PBXFileReference; explicitFileType = wrapper.framework; includeInIndex = 0; path = Pods_flixster_flixsterUITests.framework; sourceTree = BUILT_PRODUCTS_DIR; };
		897BD9D0C213039DFC2EB5BF /* Pods_flixsterTests.framework */ = {isa = PBXFileReference; explicitFileType = wrapper.framework; includeInIndex = 0; path = Pods_flixsterTests.framework; sourceTree = BUILT_PRODUCTS_DIR; };
		9C820A61652D7F28B4EFF1FD /* Pods-flixster-flixsterUITests.debug.xcconfig */ = {isa = PBXFileReference; includeInIndex = 1; lastKnownFileType = text.xcconfig; name = "Pods-flixster-flixsterUITests.debug.xcconfig"; path = "Target Support Files/Pods-flixster-flixsterUITests/Pods-flixster-flixsterUITests.debug.xcconfig"; sourceTree = "<group>"; };
		DBBA78E782BC47EF538B82E0 /* Pods_flixster.framework */ = {isa = PBXFileReference; explicitFileType = wrapper.framework; includeInIndex = 0; path = Pods_flixster.framework; sourceTree = BUILT_PRODUCTS_DIR; };
/* End PBXFileReference section */

/* Begin PBXFrameworksBuildPhase section */
		59FA072F26ED492E0045A627 /* Frameworks */ = {
			isa = PBXFrameworksBuildPhase;
			buildActionMask = 2147483647;
			files = (
				5EC5EF53F49798B6538C2AE8 /* Pods_flixster.framework in Frameworks */,
				59FA076B26ED561D0045A627 /* AlamofireImage in Frameworks */,
			);
			runOnlyForDeploymentPostprocessing = 0;
		};
		59FA074526ED492F0045A627 /* Frameworks */ = {
			isa = PBXFrameworksBuildPhase;
			buildActionMask = 2147483647;
			files = (
				4D2254CF7A5E7F8CCB0B52BB /* Pods_flixsterTests.framework in Frameworks */,
			);
			runOnlyForDeploymentPostprocessing = 0;
		};
		59FA075026ED492F0045A627 /* Frameworks */ = {
			isa = PBXFrameworksBuildPhase;
			buildActionMask = 2147483647;
			files = (
				870001B9FE75600D92B39A23 /* Pods_flixster_flixsterUITests.framework in Frameworks */,
			);
			runOnlyForDeploymentPostprocessing = 0;
		};
/* End PBXFrameworksBuildPhase section */

/* Begin PBXGroup section */
		2B3B9C1F721DF02E451C20E5 /* Frameworks */ = {
			isa = PBXGroup;
			children = (
				DBBA78E782BC47EF538B82E0 /* Pods_flixster.framework */,
				6B664650D1D5C5F51EDCBD27 /* Pods_flixster_flixsterUITests.framework */,
				897BD9D0C213039DFC2EB5BF /* Pods_flixsterTests.framework */,
			);
			name = Frameworks;
			sourceTree = "<group>";
		};
		59FA072926ED492E0045A627 = {
			isa = PBXGroup;
			children = (
				59FA073426ED492E0045A627 /* flixster */,
				59FA074B26ED492F0045A627 /* flixsterTests */,
				59FA075626ED492F0045A627 /* flixsterUITests */,
				59FA073326ED492E0045A627 /* Products */,
				E3DCF28731B007C60587C150 /* Pods */,
				2B3B9C1F721DF02E451C20E5 /* Frameworks */,
			);
			sourceTree = "<group>";
		};
		59FA073326ED492E0045A627 /* Products */ = {
			isa = PBXGroup;
			children = (
				59FA073226ED492E0045A627 /* flixster.app */,
				59FA074826ED492F0045A627 /* flixsterTests.xctest */,
				59FA075326ED492F0045A627 /* flixsterUITests.xctest */,
			);
			name = Products;
			sourceTree = "<group>";
		};
		59FA073426ED492E0045A627 /* flixster */ = {
			isa = PBXGroup;
			children = (
				59FA073526ED492E0045A627 /* AppDelegate.swift */,
				59FA073726ED492E0045A627 /* SceneDelegate.swift */,
				59FA073B26ED492E0045A627 /* Main.storyboard */,
				59FA073E26ED492E0045A627 /* Assets.xcassets */,
				59FA074026ED492E0045A627 /* LaunchScreen.storyboard */,
				59FA074326ED492E0045A627 /* Info.plist */,
				59FA076526ED49A80045A627 /* MoviesViewController.swift */,
				59FA076726ED4F810045A627 /* MovieCell.swift */,
			);
			path = flixster;
			sourceTree = "<group>";
		};
		59FA074B26ED492F0045A627 /* flixsterTests */ = {
			isa = PBXGroup;
			children = (
				59FA074C26ED492F0045A627 /* flixsterTests.swift */,
				59FA074E26ED492F0045A627 /* Info.plist */,
			);
			path = flixsterTests;
			sourceTree = "<group>";
		};
		59FA075626ED492F0045A627 /* flixsterUITests */ = {
			isa = PBXGroup;
			children = (
				59FA075726ED492F0045A627 /* flixsterUITests.swift */,
				59FA075926ED492F0045A627 /* Info.plist */,
			);
			path = flixsterUITests;
			sourceTree = "<group>";
		};
		E3DCF28731B007C60587C150 /* Pods */ = {
			isa = PBXGroup;
			children = (
				1BCBFC02F8ADD34497F23509 /* Pods-flixster.debug.xcconfig */,
				60D42CED9900FFB842CD7E17 /* Pods-flixster.release.xcconfig */,
				9C820A61652D7F28B4EFF1FD /* Pods-flixster-flixsterUITests.debug.xcconfig */,
				673F7F83588E93EBB3215E8A /* Pods-flixster-flixsterUITests.release.xcconfig */,
				3EC936484033A839166D2AAB /* Pods-flixsterTests.debug.xcconfig */,
				3766EEDA61A310F042920CAE /* Pods-flixsterTests.release.xcconfig */,
			);
			path = Pods;
			sourceTree = "<group>";
		};
/* End PBXGroup section */

/* Begin PBXNativeTarget section */
		59FA073126ED492E0045A627 /* flixster */ = {
			isa = PBXNativeTarget;
			buildConfigurationList = 59FA075C26ED492F0045A627 /* Build configuration list for PBXNativeTarget "flixster" */;
			buildPhases = (
				12A62CD5638779A5770D946F /* [CP] Check Pods Manifest.lock */,
				59FA072E26ED492E0045A627 /* Sources */,
				59FA072F26ED492E0045A627 /* Frameworks */,
				59FA073026ED492E0045A627 /* Resources */,
				382BDACCE2435C0DB0B413C3 /* [CP] Embed Pods Frameworks */,
			);
			buildRules = (
			);
			dependencies = (
			);
			name = flixster;
			packageProductDependencies = (
				59FA076A26ED561D0045A627 /* AlamofireImage */,
			);
			productName = flixster;
			productReference = 59FA073226ED492E0045A627 /* flixster.app */;
			productType = "com.apple.product-type.application";
		};
		59FA074726ED492F0045A627 /* flixsterTests */ = {
			isa = PBXNativeTarget;
			buildConfigurationList = 59FA075F26ED492F0045A627 /* Build configuration list for PBXNativeTarget "flixsterTests" */;
			buildPhases = (
				D4D7049EE9DF8457675034DA /* [CP] Check Pods Manifest.lock */,
				59FA074426ED492F0045A627 /* Sources */,
				59FA074526ED492F0045A627 /* Frameworks */,
				59FA074626ED492F0045A627 /* Resources */,
			);
			buildRules = (
			);
			dependencies = (
				59FA074A26ED492F0045A627 /* PBXTargetDependency */,
			);
			name = flixsterTests;
			productName = flixsterTests;
			productReference = 59FA074826ED492F0045A627 /* flixsterTests.xctest */;
			productType = "com.apple.product-type.bundle.unit-test";
		};
		59FA075226ED492F0045A627 /* flixsterUITests */ = {
			isa = PBXNativeTarget;
			buildConfigurationList = 59FA076226ED492F0045A627 /* Build configuration list for PBXNativeTarget "flixsterUITests" */;
			buildPhases = (
				29B0AEFC1C09D1B6AD527DA5 /* [CP] Check Pods Manifest.lock */,
				59FA074F26ED492F0045A627 /* Sources */,
				59FA075026ED492F0045A627 /* Frameworks */,
				59FA075126ED492F0045A627 /* Resources */,
				05FC70C05F99975B3FFB35E5 /* [CP] Embed Pods Frameworks */,
			);
			buildRules = (
			);
			dependencies = (
				59FA075526ED492F0045A627 /* PBXTargetDependency */,
			);
			name = flixsterUITests;
			productName = flixsterUITests;
			productReference = 59FA075326ED492F0045A627 /* flixsterUITests.xctest */;
			productType = "com.apple.product-type.bundle.ui-testing";
		};
/* End PBXNativeTarget section */

/* Begin PBXProject section */
		59FA072A26ED492E0045A627 /* Project object */ = {
			isa = PBXProject;
			attributes = {
				LastSwiftUpdateCheck = 1250;
				LastUpgradeCheck = 1250;
				TargetAttributes = {
					59FA073126ED492E0045A627 = {
						CreatedOnToolsVersion = 12.5.1;
					};
					59FA074726ED492F0045A627 = {
						CreatedOnToolsVersion = 12.5.1;
						TestTargetID = 59FA073126ED492E0045A627;
					};
					59FA075226ED492F0045A627 = {
						CreatedOnToolsVersion = 12.5.1;
						TestTargetID = 59FA073126ED492E0045A627;
					};
				};
			};
			buildConfigurationList = 59FA072D26ED492E0045A627 /* Build configuration list for PBXProject "flixster" */;
			compatibilityVersion = "Xcode 9.3";
			developmentRegion = en;
			hasScannedForEncodings = 0;
			knownRegions = (
				en,
				Base,
			);
			mainGroup = 59FA072926ED492E0045A627;
			packageReferences = (
				59FA076926ED561D0045A627 /* XCRemoteSwiftPackageReference "AlamofireImage" */,
			);
			productRefGroup = 59FA073326ED492E0045A627 /* Products */;
			projectDirPath = "";
			projectRoot = "";
			targets = (
				59FA073126ED492E0045A627 /* flixster */,
				59FA074726ED492F0045A627 /* flixsterTests */,
				59FA075226ED492F0045A627 /* flixsterUITests */,
			);
		};
/* End PBXProject section */

/* Begin PBXResourcesBuildPhase section */
		59FA073026ED492E0045A627 /* Resources */ = {
			isa = PBXResourcesBuildPhase;
			buildActionMask = 2147483647;
			files = (
				59FA074226ED492E0045A627 /* LaunchScreen.storyboard in Resources */,
				59FA073F26ED492E0045A627 /* Assets.xcassets in Resources */,
				59FA073D26ED492E0045A627 /* Main.storyboard in Resources */,
			);
			runOnlyForDeploymentPostprocessing = 0;
		};
		59FA074626ED492F0045A627 /* Resources */ = {
			isa = PBXResourcesBuildPhase;
			buildActionMask = 2147483647;
			files = (
			);
			runOnlyForDeploymentPostprocessing = 0;
		};
		59FA075126ED492F0045A627 /* Resources */ = {
			isa = PBXResourcesBuildPhase;
			buildActionMask = 2147483647;
			files = (
			);
			runOnlyForDeploymentPostprocessing = 0;
		};
/* End PBXResourcesBuildPhase section */

/* Begin PBXShellScriptBuildPhase section */
		05FC70C05F99975B3FFB35E5 /* [CP] Embed Pods Frameworks */ = {
			isa = PBXShellScriptBuildPhase;
			buildActionMask = 2147483647;
			files = (
			);
			inputFileListPaths = (
				"${PODS_ROOT}/Target Support Files/Pods-flixster-flixsterUITests/Pods-flixster-flixsterUITests-frameworks-${CONFIGURATION}-input-files.xcfilelist",
			);
			name = "[CP] Embed Pods Frameworks";
			outputFileListPaths = (
				"${PODS_ROOT}/Target Support Files/Pods-flixster-flixsterUITests/Pods-flixster-flixsterUITests-frameworks-${CONFIGURATION}-output-files.xcfilelist",
			);
			runOnlyForDeploymentPostprocessing = 0;
			shellPath = /bin/sh;
			shellScript = "\"${PODS_ROOT}/Target Support Files/Pods-flixster-flixsterUITests/Pods-flixster-flixsterUITests-frameworks.sh\"\n";
			showEnvVarsInLog = 0;
		};
		12A62CD5638779A5770D946F /* [CP] Check Pods Manifest.lock */ = {
			isa = PBXShellScriptBuildPhase;
			buildActionMask = 2147483647;
			files = (
			);
			inputFileListPaths = (
			);
			inputPaths = (
				"${PODS_PODFILE_DIR_PATH}/Podfile.lock",
				"${PODS_ROOT}/Manifest.lock",
			);
			name = "[CP] Check Pods Manifest.lock";
			outputFileListPaths = (
			);
			outputPaths = (
				"$(DERIVED_FILE_DIR)/Pods-flixster-checkManifestLockResult.txt",
			);
			runOnlyForDeploymentPostprocessing = 0;
			shellPath = /bin/sh;
			shellScript = "diff \"${PODS_PODFILE_DIR_PATH}/Podfile.lock\" \"${PODS_ROOT}/Manifest.lock\" > /dev/null\nif [ $? != 0 ] ; then\n    # print error to STDERR\n    echo \"error: The sandbox is not in sync with the Podfile.lock. Run 'pod install' or update your CocoaPods installation.\" >&2\n    exit 1\nfi\n# This output is used by Xcode 'outputs' to avoid re-running this script phase.\necho \"SUCCESS\" > \"${SCRIPT_OUTPUT_FILE_0}\"\n";
			showEnvVarsInLog = 0;
		};
		29B0AEFC1C09D1B6AD527DA5 /* [CP] Check Pods Manifest.lock */ = {
			isa = PBXShellScriptBuildPhase;
			buildActionMask = 2147483647;
			files = (
			);
			inputFileListPaths = (
			);
			inputPaths = (
				"${PODS_PODFILE_DIR_PATH}/Podfile.lock",
				"${PODS_ROOT}/Manifest.lock",
			);
			name = "[CP] Check Pods Manifest.lock";
			outputFileListPaths = (
			);
			outputPaths = (
				"$(DERIVED_FILE_DIR)/Pods-flixster-flixsterUITests-checkManifestLockResult.txt",
			);
			runOnlyForDeploymentPostprocessing = 0;
			shellPath = /bin/sh;
			shellScript = "diff \"${PODS_PODFILE_DIR_PATH}/Podfile.lock\" \"${PODS_ROOT}/Manifest.lock\" > /dev/null\nif [ $? != 0 ] ; then\n    # print error to STDERR\n    echo \"error: The sandbox is not in sync with the Podfile.lock. Run 'pod install' or update your CocoaPods installation.\" >&2\n    exit 1\nfi\n# This output is used by Xcode 'outputs' to avoid re-running this script phase.\necho \"SUCCESS\" > \"${SCRIPT_OUTPUT_FILE_0}\"\n";
			showEnvVarsInLog = 0;
		};
		382BDACCE2435C0DB0B413C3 /* [CP] Embed Pods Frameworks */ = {
			isa = PBXShellScriptBuildPhase;
			buildActionMask = 2147483647;
			files = (
			);
			inputFileListPaths = (
				"${PODS_ROOT}/Target Support Files/Pods-flixster/Pods-flixster-frameworks-${CONFIGURATION}-input-files.xcfilelist",
			);
			name = "[CP] Embed Pods Frameworks";
			outputFileListPaths = (
				"${PODS_ROOT}/Target Support Files/Pods-flixster/Pods-flixster-frameworks-${CONFIGURATION}-output-files.xcfilelist",
			);
			runOnlyForDeploymentPostprocessing = 0;
			shellPath = /bin/sh;
			shellScript = "\"${PODS_ROOT}/Target Support Files/Pods-flixster/Pods-flixster-frameworks.sh\"\n";
			showEnvVarsInLog = 0;
		};
		D4D7049EE9DF8457675034DA /* [CP] Check Pods Manifest.lock */ = {
			isa = PBXShellScriptBuildPhase;
			buildActionMask = 2147483647;
			files = (
			);
			inputFileListPaths = (
			);
			inputPaths = (
				"${PODS_PODFILE_DIR_PATH}/Podfile.lock",
				"${PODS_ROOT}/Manifest.lock",
			);
			name = "[CP] Check Pods Manifest.lock";
			outputFileListPaths = (
			);
			outputPaths = (
				"$(DERIVED_FILE_DIR)/Pods-flixsterTests-checkManifestLockResult.txt",
			);
			runOnlyForDeploymentPostprocessing = 0;
			shellPath = /bin/sh;
			shellScript = "diff \"${PODS_PODFILE_DIR_PATH}/Podfile.lock\" \"${PODS_ROOT}/Manifest.lock\" > /dev/null\nif [ $? != 0 ] ; then\n    # print error to STDERR\n    echo \"error: The sandbox is not in sync with the Podfile.lock. Run 'pod install' or update your CocoaPods installation.\" >&2\n    exit 1\nfi\n# This output is used by Xcode 'outputs' to avoid re-running this script phase.\necho \"SUCCESS\" > \"${SCRIPT_OUTPUT_FILE_0}\"\n";
			showEnvVarsInLog = 0;
		};
/* End PBXShellScriptBuildPhase section */

/* Begin PBXSourcesBuildPhase section */
		59FA072E26ED492E0045A627 /* Sources */ = {
			isa = PBXSourcesBuildPhase;
			buildActionMask = 2147483647;
			files = (
				59FA073626ED492E0045A627 /* AppDelegate.swift in Sources */,
				59FA073826ED492E0045A627 /* SceneDelegate.swift in Sources */,
				59FA076826ED4F810045A627 /* MovieCell.swift in Sources */,
				59FA076626ED49A80045A627 /* MoviesViewController.swift in Sources */,
			);
			runOnlyForDeploymentPostprocessing = 0;
		};
		59FA074426ED492F0045A627 /* Sources */ = {
			isa = PBXSourcesBuildPhase;
			buildActionMask = 2147483647;
			files = (
				59FA074D26ED492F0045A627 /* flixsterTests.swift in Sources */,
			);
			runOnlyForDeploymentPostprocessing = 0;
		};
		59FA074F26ED492F0045A627 /* Sources */ = {
			isa = PBXSourcesBuildPhase;
			buildActionMask = 2147483647;
			files = (
				59FA075826ED492F0045A627 /* flixsterUITests.swift in Sources */,
			);
			runOnlyForDeploymentPostprocessing = 0;
		};
/* End PBXSourcesBuildPhase section */

/* Begin PBXTargetDependency section */
		59FA074A26ED492F0045A627 /* PBXTargetDependency */ = {
			isa = PBXTargetDependency;
			target = 59FA073126ED492E0045A627 /* flixster */;
			targetProxy = 59FA074926ED492F0045A627 /* PBXContainerItemProxy */;
		};
		59FA075526ED492F0045A627 /* PBXTargetDependency */ = {
			isa = PBXTargetDependency;
			target = 59FA073126ED492E0045A627 /* flixster */;
			targetProxy = 59FA075426ED492F0045A627 /* PBXContainerItemProxy */;
		};
/* End PBXTargetDependency section */

/* Begin PBXVariantGroup section */
		59FA073B26ED492E0045A627 /* Main.storyboard */ = {
			isa = PBXVariantGroup;
			children = (
				59FA073C26ED492E0045A627 /* Base */,
			);
			name = Main.storyboard;
			sourceTree = "<group>";
		};
		59FA074026ED492E0045A627 /* LaunchScreen.storyboard */ = {
			isa = PBXVariantGroup;
			children = (
				59FA074126ED492E0045A627 /* Base */,
			);
			name = LaunchScreen.storyboard;
			sourceTree = "<group>";
		};
/* End PBXVariantGroup section */

/* Begin XCBuildConfiguration section */
		59FA075A26ED492F0045A627 /* Debug */ = {
			isa = XCBuildConfiguration;
			buildSettings = {
				ALWAYS_SEARCH_USER_PATHS = NO;
				CLANG_ANALYZER_NONNULL = YES;
				CLANG_ANALYZER_NUMBER_OBJECT_CONVERSION = YES_AGGRESSIVE;
				CLANG_CXX_LANGUAGE_STANDARD = "gnu++14";
				CLANG_CXX_LIBRARY = "libc++";
				CLANG_ENABLE_MODULES = YES;
				CLANG_ENABLE_OBJC_ARC = YES;
				CLANG_ENABLE_OBJC_WEAK = YES;
				CLANG_WARN_BLOCK_CAPTURE_AUTORELEASING = YES;
				CLANG_WARN_BOOL_CONVERSION = YES;
				CLANG_WARN_COMMA = YES;
				CLANG_WARN_CONSTANT_CONVERSION = YES;
				CLANG_WARN_DEPRECATED_OBJC_IMPLEMENTATIONS = YES;
				CLANG_WARN_DIRECT_OBJC_ISA_USAGE = YES_ERROR;
				CLANG_WARN_DOCUMENTATION_COMMENTS = YES;
				CLANG_WARN_EMPTY_BODY = YES;
				CLANG_WARN_ENUM_CONVERSION = YES;
				CLANG_WARN_INFINITE_RECURSION = YES;
				CLANG_WARN_INT_CONVERSION = YES;
				CLANG_WARN_NON_LITERAL_NULL_CONVERSION = YES;
				CLANG_WARN_OBJC_IMPLICIT_RETAIN_SELF = YES;
				CLANG_WARN_OBJC_LITERAL_CONVERSION = YES;
				CLANG_WARN_OBJC_ROOT_CLASS = YES_ERROR;
				CLANG_WARN_QUOTED_INCLUDE_IN_FRAMEWORK_HEADER = YES;
				CLANG_WARN_RANGE_LOOP_ANALYSIS = YES;
				CLANG_WARN_STRICT_PROTOTYPES = YES;
				CLANG_WARN_SUSPICIOUS_MOVE = YES;
				CLANG_WARN_UNGUARDED_AVAILABILITY = YES_AGGRESSIVE;
				CLANG_WARN_UNREACHABLE_CODE = YES;
				CLANG_WARN__DUPLICATE_METHOD_MATCH = YES;
				COPY_PHASE_STRIP = NO;
				DEBUG_INFORMATION_FORMAT = dwarf;
				ENABLE_STRICT_OBJC_MSGSEND = YES;
				ENABLE_TESTABILITY = YES;
				GCC_C_LANGUAGE_STANDARD = gnu11;
				GCC_DYNAMIC_NO_PIC = NO;
				GCC_NO_COMMON_BLOCKS = YES;
				GCC_OPTIMIZATION_LEVEL = 0;
				GCC_PREPROCESSOR_DEFINITIONS = (
					"DEBUG=1",
					"$(inherited)",
				);
				GCC_WARN_64_TO_32_BIT_CONVERSION = YES;
				GCC_WARN_ABOUT_RETURN_TYPE = YES_ERROR;
				GCC_WARN_UNDECLARED_SELECTOR = YES;
				GCC_WARN_UNINITIALIZED_AUTOS = YES_AGGRESSIVE;
				GCC_WARN_UNUSED_FUNCTION = YES;
				GCC_WARN_UNUSED_VARIABLE = YES;
				IPHONEOS_DEPLOYMENT_TARGET = 14.5;
				MTL_ENABLE_DEBUG_INFO = INCLUDE_SOURCE;
				MTL_FAST_MATH = YES;
				ONLY_ACTIVE_ARCH = YES;
				SDKROOT = iphoneos;
				SWIFT_ACTIVE_COMPILATION_CONDITIONS = DEBUG;
				SWIFT_OPTIMIZATION_LEVEL = "-Onone";
			};
			name = Debug;
		};
		59FA075B26ED492F0045A627 /* Release */ = {
			isa = XCBuildConfiguration;
			buildSettings = {
				ALWAYS_SEARCH_USER_PATHS = NO;
				CLANG_ANALYZER_NONNULL = YES;
				CLANG_ANALYZER_NUMBER_OBJECT_CONVERSION = YES_AGGRESSIVE;
				CLANG_CXX_LANGUAGE_STANDARD = "gnu++14";
				CLANG_CXX_LIBRARY = "libc++";
				CLANG_ENABLE_MODULES = YES;
				CLANG_ENABLE_OBJC_ARC = YES;
				CLANG_ENABLE_OBJC_WEAK = YES;
				CLANG_WARN_BLOCK_CAPTURE_AUTORELEASING = YES;
				CLANG_WARN_BOOL_CONVERSION = YES;
				CLANG_WARN_COMMA = YES;
				CLANG_WARN_CONSTANT_CONVERSION = YES;
				CLANG_WARN_DEPRECATED_OBJC_IMPLEMENTATIONS = YES;
				CLANG_WARN_DIRECT_OBJC_ISA_USAGE = YES_ERROR;
				CLANG_WARN_DOCUMENTATION_COMMENTS = YES;
				CLANG_WARN_EMPTY_BODY = YES;
				CLANG_WARN_ENUM_CONVERSION = YES;
				CLANG_WARN_INFINITE_RECURSION = YES;
				CLANG_WARN_INT_CONVERSION = YES;
				CLANG_WARN_NON_LITERAL_NULL_CONVERSION = YES;
				CLANG_WARN_OBJC_IMPLICIT_RETAIN_SELF = YES;
				CLANG_WARN_OBJC_LITERAL_CONVERSION = YES;
				CLANG_WARN_OBJC_ROOT_CLASS = YES_ERROR;
				CLANG_WARN_QUOTED_INCLUDE_IN_FRAMEWORK_HEADER = YES;
				CLANG_WARN_RANGE_LOOP_ANALYSIS = YES;
				CLANG_WARN_STRICT_PROTOTYPES = YES;
				CLANG_WARN_SUSPICIOUS_MOVE = YES;
				CLANG_WARN_UNGUARDED_AVAILABILITY = YES_AGGRESSIVE;
				CLANG_WARN_UNREACHABLE_CODE = YES;
				CLANG_WARN__DUPLICATE_METHOD_MATCH = YES;
				COPY_PHASE_STRIP = NO;
				DEBUG_INFORMATION_FORMAT = "dwarf-with-dsym";
				ENABLE_NS_ASSERTIONS = NO;
				ENABLE_STRICT_OBJC_MSGSEND = YES;
				GCC_C_LANGUAGE_STANDARD = gnu11;
				GCC_NO_COMMON_BLOCKS = YES;
				GCC_WARN_64_TO_32_BIT_CONVERSION = YES;
				GCC_WARN_ABOUT_RETURN_TYPE = YES_ERROR;
				GCC_WARN_UNDECLARED_SELECTOR = YES;
				GCC_WARN_UNINITIALIZED_AUTOS = YES_AGGRESSIVE;
				GCC_WARN_UNUSED_FUNCTION = YES;
				GCC_WARN_UNUSED_VARIABLE = YES;
				IPHONEOS_DEPLOYMENT_TARGET = 14.5;
				MTL_ENABLE_DEBUG_INFO = NO;
				MTL_FAST_MATH = YES;
				SDKROOT = iphoneos;
				SWIFT_COMPILATION_MODE = wholemodule;
				SWIFT_OPTIMIZATION_LEVEL = "-O";
				VALIDATE_PRODUCT = YES;
			};
			name = Release;
		};
		59FA075D26ED492F0045A627 /* Debug */ = {
			isa = XCBuildConfiguration;
			baseConfigurationReference = 1BCBFC02F8ADD34497F23509 /* Pods-flixster.debug.xcconfig */;
			buildSettings = {
				ASSETCATALOG_COMPILER_APPICON_NAME = AppIcon;
				ASSETCATALOG_COMPILER_GLOBAL_ACCENT_COLOR_NAME = AccentColor;
				CODE_SIGN_STYLE = Automatic;
				INFOPLIST_FILE = flixster/Info.plist;
				LD_RUNPATH_SEARCH_PATHS = (
					"$(inherited)",
					"@executable_path/Frameworks",
				);
				PRODUCT_BUNDLE_IDENTIFIER = wshi27.flixster;
				PRODUCT_NAME = "$(TARGET_NAME)";
				SWIFT_VERSION = 5.0;
				TARGETED_DEVICE_FAMILY = "1,2";
			};
			name = Debug;
		};
		59FA075E26ED492F0045A627 /* Release */ = {
			isa = XCBuildConfiguration;
			baseConfigurationReference = 60D42CED9900FFB842CD7E17 /* Pods-flixster.release.xcconfig */;
			buildSettings = {
				ASSETCATALOG_COMPILER_APPICON_NAME = AppIcon;
				ASSETCATALOG_COMPILER_GLOBAL_ACCENT_COLOR_NAME = AccentColor;
				CODE_SIGN_STYLE = Automatic;
				INFOPLIST_FILE = flixster/Info.plist;
				LD_RUNPATH_SEARCH_PATHS = (
					"$(inherited)",
					"@executable_path/Frameworks",
				);
				PRODUCT_BUNDLE_IDENTIFIER = wshi27.flixster;
				PRODUCT_NAME = "$(TARGET_NAME)";
				SWIFT_VERSION = 5.0;
				TARGETED_DEVICE_FAMILY = "1,2";
			};
			name = Release;
		};
		59FA076026ED492F0045A627 /* Debug */ = {
			isa = XCBuildConfiguration;
			baseConfigurationReference = 3EC936484033A839166D2AAB /* Pods-flixsterTests.debug.xcconfig */;
			buildSettings = {
				ALWAYS_EMBED_SWIFT_STANDARD_LIBRARIES = YES;
				BUNDLE_LOADER = "$(TEST_HOST)";
				CODE_SIGN_STYLE = Automatic;
				INFOPLIST_FILE = flixsterTests/Info.plist;
				IPHONEOS_DEPLOYMENT_TARGET = 14.5;
				LD_RUNPATH_SEARCH_PATHS = (
					"$(inherited)",
					"@executable_path/Frameworks",
					"@loader_path/Frameworks",
				);
				PRODUCT_BUNDLE_IDENTIFIER = wshi27.flixsterTests;
				PRODUCT_NAME = "$(TARGET_NAME)";
				SWIFT_VERSION = 5.0;
				TARGETED_DEVICE_FAMILY = "1,2";
				TEST_HOST = "$(BUILT_PRODUCTS_DIR)/flixster.app/flixster";
			};
			name = Debug;
		};
		59FA076126ED492F0045A627 /* Release */ = {
			isa = XCBuildConfiguration;
			baseConfigurationReference = 3766EEDA61A310F042920CAE /* Pods-flixsterTests.release.xcconfig */;
			buildSettings = {
				ALWAYS_EMBED_SWIFT_STANDARD_LIBRARIES = YES;
				BUNDLE_LOADER = "$(TEST_HOST)";
				CODE_SIGN_STYLE = Automatic;
				INFOPLIST_FILE = flixsterTests/Info.plist;
				IPHONEOS_DEPLOYMENT_TARGET = 14.5;
				LD_RUNPATH_SEARCH_PATHS = (
					"$(inherited)",
					"@executable_path/Frameworks",
					"@loader_path/Frameworks",
				);
				PRODUCT_BUNDLE_IDENTIFIER = wshi27.flixsterTests;
				PRODUCT_NAME = "$(TARGET_NAME)";
				SWIFT_VERSION = 5.0;
				TARGETED_DEVICE_FAMILY = "1,2";
				TEST_HOST = "$(BUILT_PRODUCTS_DIR)/flixster.app/flixster";
			};
			name = Release;
		};
		59FA076326ED492F0045A627 /* Debug */ = {
			isa = XCBuildConfiguration;
			baseConfigurationReference = 9C820A61652D7F28B4EFF1FD /* Pods-flixster-flixsterUITests.debug.xcconfig */;
			buildSettings = {
				ALWAYS_EMBED_SWIFT_STANDARD_LIBRARIES = YES;
				CODE_SIGN_STYLE = Automatic;
				INFOPLIST_FILE = flixsterUITests/Info.plist;
				LD_RUNPATH_SEARCH_PATHS = (
					"$(inherited)",
					"@executable_path/Frameworks",
					"@loader_path/Frameworks",
				);
				PRODUCT_BUNDLE_IDENTIFIER = wshi27.flixsterUITests;
				PRODUCT_NAME = "$(TARGET_NAME)";
				SWIFT_VERSION = 5.0;
				TARGETED_DEVICE_FAMILY = "1,2";
				TEST_TARGET_NAME = flixster;
			};
			name = Debug;
		};
		59FA076426ED492F0045A627 /* Release */ = {
			isa = XCBuildConfiguration;
			baseConfigurationReference = 673F7F83588E93EBB3215E8A /* Pods-flixster-flixsterUITests.release.xcconfig */;
			buildSettings = {
				ALWAYS_EMBED_SWIFT_STANDARD_LIBRARIES = YES;
				CODE_SIGN_STYLE = Automatic;
				INFOPLIST_FILE = flixsterUITests/Info.plist;
				LD_RUNPATH_SEARCH_PATHS = (
					"$(inherited)",
					"@executable_path/Frameworks",
					"@loader_path/Frameworks",
				);
				PRODUCT_BUNDLE_IDENTIFIER = wshi27.flixsterUITests;
				PRODUCT_NAME = "$(TARGET_NAME)";
				SWIFT_VERSION = 5.0;
				TARGETED_DEVICE_FAMILY = "1,2";
				TEST_TARGET_NAME = flixster;
			};
			name = Release;
		};
/* End XCBuildConfiguration section */

/* Begin XCConfigurationList section */
		59FA072D26ED492E0045A627 /* Build configuration list for PBXProject "flixster" */ = {
			isa = XCConfigurationList;
			buildConfigurations = (
				59FA075A26ED492F0045A627 /* Debug */,
				59FA075B26ED492F0045A627 /* Release */,
			);
			defaultConfigurationIsVisible = 0;
			defaultConfigurationName = Release;
		};
		59FA075C26ED492F0045A627 /* Build configuration list for PBXNativeTarget "flixster" */ = {
			isa = XCConfigurationList;
			buildConfigurations = (
				59FA075D26ED492F0045A627 /* Debug */,
				59FA075E26ED492F0045A627 /* Release */,
			);
			defaultConfigurationIsVisible = 0;
			defaultConfigurationName = Release;
		};
		59FA075F26ED492F0045A627 /* Build configuration list for PBXNativeTarget "flixsterTests" */ = {
			isa = XCConfigurationList;
			buildConfigurations = (
				59FA076026ED492F0045A627 /* Debug */,
				59FA076126ED492F0045A627 /* Release */,
			);
			defaultConfigurationIsVisible = 0;
			defaultConfigurationName = Release;
		};
		59FA076226ED492F0045A627 /* Build configuration list for PBXNativeTarget "flixsterUITests" */ = {
			isa = XCConfigurationList;
			buildConfigurations = (
				59FA076326ED492F0045A627 /* Debug */,
				59FA076426ED492F0045A627 /* Release */,
			);
			defaultConfigurationIsVisible = 0;
			defaultConfigurationName = Release;
		};
/* End XCConfigurationList section */

/* Begin XCRemoteSwiftPackageReference section */
		59FA076926ED561D0045A627 /* XCRemoteSwiftPackageReference "AlamofireImage" */ = {
			isa = XCRemoteSwiftPackageReference;
			repositoryURL = "https://github.com/Alamofire/AlamofireImage";
			requirement = {
				kind = upToNextMajorVersion;
				minimumVersion = 4.2.0;
			};
		};
/* End XCRemoteSwiftPackageReference section */

/* Begin XCSwiftPackageProductDependency section */
		59FA076A26ED561D0045A627 /* AlamofireImage */ = {
			isa = XCSwiftPackageProductDependency;
			package = 59FA076926ED561D0045A627 /* XCRemoteSwiftPackageReference "AlamofireImage" */;
			productName = AlamofireImage;
		};
/* End XCSwiftPackageProductDependency section */
	};
	rootObject = 59FA072A26ED492E0045A627 /* Project object */;
}
